
Microsoft Visual Studio Solution File, Format Version 12.00
# Visual Studio Version 17
VisualStudioVersion = 17.4.33213.308
MinimumVisualStudioVersion = 10.0.40219.1
Project("{FAE04EC0-301F-11D3-BF4B-00C04F79EFBC}") = "GettingStarted.Server", "Server\GettingStarted.Server.csproj", "{EDF4D2B3-43A3-441F-A0F3-E81D220F9C8E}"
EndProject
Project("{FAE04EC0-301F-11D3-BF4B-00C04F79EFBC}") = "GettingStarted.Client", "Client\GettingStarted.Client.csproj", "{DD047C4B-9EB1-4698-A60C-CD71F8E4496F}"
EndProject
Project("{FAE04EC0-301F-11D3-BF4B-00C04F79EFBC}") = "GettingStarted.Shared", "Shared\GettingStarted.Shared.csproj", "{ECCC0A3D-E96B-497B-8640-3ED0D52F987A}"
EndProject
Global
	GlobalSection(SolutionConfigurationPlatforms) = preSolution
		Debug|Any CPU = Debug|Any CPU
		Release|Any CPU = Release|Any CPU
	EndGlobalSection
	GlobalSection(ProjectConfigurationPlatforms) = postSolution
		{EDF4D2B3-43A3-441F-A0F3-E81D220F9C8E}.Debug|Any CPU.ActiveCfg = Debug|Any CPU
		{EDF4D2B3-43A3-441F-A0F3-E81D220F9C8E}.Debug|Any CPU.Build.0 = Debug|Any CPU
		{EDF4D2B3-43A3-441F-A0F3-E81D220F9C8E}.Release|Any CPU.ActiveCfg = Release|Any CPU
		{EDF4D2B3-43A3-441F-A0F3-E81D220F9C8E}.Release|Any CPU.Build.0 = Release|Any CPU
		{DD047C4B-9EB1-4698-A60C-CD71F8E4496F}.Debug|Any CPU.ActiveCfg = Debug|Any CPU
		{DD047C4B-9EB1-4698-A60C-CD71F8E4496F}.Debug|Any CPU.Build.0 = Debug|Any CPU
		{DD047C4B-9EB1-4698-A60C-CD71F8E4496F}.Release|Any CPU.ActiveCfg = Release|Any CPU
		{DD047C4B-9EB1-4698-A60C-CD71F8E4496F}.Release|Any CPU.Build.0 = Release|Any CPU
		{ECCC0A3D-E96B-497B-8640-3ED0D52F987A}.Debug|Any CPU.ActiveCfg = Debug|Any CPU
		{ECCC0A3D-E96B-497B-8640-3ED0D52F987A}.Debug|Any CPU.Build.0 = Debug|Any CPU
		{ECCC0A3D-E96B-497B-8640-3ED0D52F987A}.Release|Any CPU.ActiveCfg = Release|Any CPU
		{ECCC0A3D-E96B-497B-8640-3ED0D52F987A}.Release|Any CPU.Build.0 = Release|Any CPU
	EndGlobalSection
	GlobalSection(SolutionProperties) = preSolution
		HideSolutionNode = FALSE
	EndGlobalSection
	GlobalSection(ExtensibilityGlobals) = postSolution
		SolutionGuid = {DB483F42-8475-4317-B60D-2B02F8D32848}
	EndGlobalSection
EndGlobal
